
Microsoft Visual Studio Solution File, Format Version 12.00
# Visual Studio Version 17
VisualStudioVersion = 17.5.002.0
MinimumVisualStudioVersion = 10.0.40219.1
Project("{9A19103F-16F7-4668-BE54-9A1E7A4F7556}") = "Manager.Tests", "Manager.Tests.csproj", "{1778B23B-68AE-48AB-85E6-3FB64668F41C}"
EndProject
Global
	GlobalSection(SolutionConfigurationPlatforms) = preSolution
		Debug|Any CPU = Debug|Any CPU
		Release|Any CPU = Release|Any CPU
	EndGlobalSection
	GlobalSection(ProjectConfigurationPlatforms) = postSolution
		{1778B23B-68AE-48AB-85E6-3FB64668F41C}.Debug|Any CPU.ActiveCfg = Debug|Any CPU
		{1778B23B-68AE-48AB-85E6-3FB64668F41C}.Debug|Any CPU.Build.0 = Debug|Any CPU
		{1778B23B-68AE-48AB-85E6-3FB64668F41C}.Release|Any CPU.ActiveCfg = Release|Any CPU
		{1778B23B-68AE-48AB-85E6-3FB64668F41C}.Release|Any CPU.Build.0 = Release|Any CPU
	EndGlobalSection
	GlobalSection(SolutionProperties) = preSolution
		HideSolutionNode = FALSE
	EndGlobalSection
	GlobalSection(ExtensibilityGlobals) = postSolution
		SolutionGuid = {4F6D4194-FEC7-4A4D-A68B-403B5B669581}
	EndGlobalSection
EndGlobal
